
Microsoft Visual Studio Solution File, Format Version 12.00
# Visual Studio Version 17
VisualStudioVersion = 17.2.32519.379
MinimumVisualStudioVersion = 10.0.40219.1
Project("{FAE04EC0-301F-11D3-BF4B-00C04F79EFBC}") = "MultiThreadingExample", "MultiThreadingExample\MultiThreadingExample.csproj", "{A07DB7D2-0571-41C6-B265-F40CEE2F9426}"
EndProject
Global
	GlobalSection(SolutionConfigurationPlatforms) = preSolution
		Debug|Any CPU = Debug|Any CPU
		Release|Any CPU = Release|Any CPU
	EndGlobalSection
	GlobalSection(ProjectConfigurationPlatforms) = postSolution
		{A07DB7D2-0571-41C6-B265-F40CEE2F9426}.Debug|Any CPU.ActiveCfg = Debug|Any CPU
		{A07DB7D2-0571-41C6-B265-F40CEE2F9426}.Debug|Any CPU.Build.0 = Debug|Any CPU
		{A07DB7D2-0571-41C6-B265-F40CEE2F9426}.Release|Any CPU.ActiveCfg = Release|Any CPU
		{A07DB7D2-0571-41C6-B265-F40CEE2F9426}.Release|Any CPU.Build.0 = Release|Any CPU
	EndGlobalSection
	GlobalSection(SolutionProperties) = preSolution
		HideSolutionNode = FALSE
	EndGlobalSection
	GlobalSection(ExtensibilityGlobals) = postSolution
		SolutionGuid = {5E37D1E4-14BD-4B8C-B192-795CD0E608FC}
	EndGlobalSection
EndGlobal
